
Microsoft Visual Studio Solution File, Format Version 12.00
# Visual Studio Version 16
VisualStudioVersion = 16.0.29503.13
MinimumVisualStudioVersion = 10.0.40219.1
Project("{FAE04EC0-301F-11D3-BF4B-00C04F79EFBC}") = "AcidityServer", "AcidityServer\AcidityServer.csproj", "{A468A7F5-1488-4F38-83B1-3BC7A32C0E2C}"
EndProject
Global
	GlobalSection(SolutionConfigurationPlatforms) = preSolution
		Debug|Any CPU = Debug|Any CPU
		Release|Any CPU = Release|Any CPU
	EndGlobalSection
	GlobalSection(ProjectConfigurationPlatforms) = postSolution
		{A468A7F5-1488-4F38-83B1-3BC7A32C0E2C}.Debug|Any CPU.ActiveCfg = Debug|Any CPU
		{A468A7F5-1488-4F38-83B1-3BC7A32C0E2C}.Debug|Any CPU.Build.0 = Debug|Any CPU
		{A468A7F5-1488-4F38-83B1-3BC7A32C0E2C}.Release|Any CPU.ActiveCfg = Release|Any CPU
		{A468A7F5-1488-4F38-83B1-3BC7A32C0E2C}.Release|Any CPU.Build.0 = Release|Any CPU
	EndGlobalSection
	GlobalSection(SolutionProperties) = preSolution
		HideSolutionNode = FALSE
	EndGlobalSection
	GlobalSection(ExtensibilityGlobals) = postSolution
		SolutionGuid = {FB344488-896B-4843-9FA9-CEC76E863089}
	EndGlobalSection
EndGlobal
